
Microsoft Visual Studio Solution File, Format Version 12.00
# Visual Studio 14
VisualStudioVersion = 14.0.24720.0
MinimumVisualStudioVersion = 10.0.40219.1
Project("{FAE04EC0-301F-11D3-BF4B-00C04F79EFBC}") = "Development.Log4Me", "Source\Development.Log4Me.csproj", "{F2612A93-1C3A-4B88-8C76-AC4BC559D942}"
EndProject
Project("{FAE04EC0-301F-11D3-BF4B-00C04F79EFBC}") = "UnitTestProject1", "UnitTestProject1\UnitTestProject1.csproj", "{1DFB2FBB-924B-47BF-A2C4-4A5EF7CBC6DC}"
EndProject
Global
	GlobalSection(SolutionConfigurationPlatforms) = preSolution
		Debug|Any CPU = Debug|Any CPU
		Release|Any CPU = Release|Any CPU
	EndGlobalSection
	GlobalSection(ProjectConfigurationPlatforms) = postSolution
		{F2612A93-1C3A-4B88-8C76-AC4BC559D942}.Debug|Any CPU.ActiveCfg = Debug|Any CPU
		{F2612A93-1C3A-4B88-8C76-AC4BC559D942}.Debug|Any CPU.Build.0 = Debug|Any CPU
		{F2612A93-1C3A-4B88-8C76-AC4BC559D942}.Release|Any CPU.ActiveCfg = Release|Any CPU
		{F2612A93-1C3A-4B88-8C76-AC4BC559D942}.Release|Any CPU.Build.0 = Release|Any CPU
		{1DFB2FBB-924B-47BF-A2C4-4A5EF7CBC6DC}.Debug|Any CPU.ActiveCfg = Debug|Any CPU
		{1DFB2FBB-924B-47BF-A2C4-4A5EF7CBC6DC}.Debug|Any CPU.Build.0 = Debug|Any CPU
		{1DFB2FBB-924B-47BF-A2C4-4A5EF7CBC6DC}.Release|Any CPU.ActiveCfg = Release|Any CPU
		{1DFB2FBB-924B-47BF-A2C4-4A5EF7CBC6DC}.Release|Any CPU.Build.0 = Release|Any CPU
	EndGlobalSection
	GlobalSection(SolutionProperties) = preSolution
		HideSolutionNode = FALSE
	EndGlobalSection
	GlobalSection(TeamFoundationVersionControl) = preSolution
		SccNumberOfProjects = 3
		SccEnterpriseProvider = {4CA58AB2-18FA-4F8D-95D4-32DDF27D184C}
		SccTeamFoundationServer = http://cangrihack-w10:8080/tfs/ada%20framework
		SccLocalPath0 = .
		SccProjectUniqueName1 = Source\\Development.Log4Me.csproj
		SccProjectName1 = Source
		SccLocalPath1 = Source
		SccProjectUniqueName2 = UnitTestProject1\\UnitTestProject1.csproj
		SccProjectName2 = UnitTestProject1
		SccLocalPath2 = UnitTestProject1
	EndGlobalSection
EndGlobal
